
Microsoft Visual Studio Solution File, Format Version 12.00
# Visual Studio 15
Project("{FAE04EC0-301F-11D3-BF4B-00C04F79EFBC}") = "Assembly-CSharp", "Assembly-CSharp.csproj", "{1A537A81-B958-29A7-6BFC-7D02D4F82FD7}"
EndProject
Global
	GlobalSection(SolutionConfigurationPlatforms) = preSolution
		Debug|Any CPU = Debug|Any CPU
		Release|Any CPU = Release|Any CPU
	EndGlobalSection
	GlobalSection(ProjectConfigurationPlatforms) = postSolution
		{1A537A81-B958-29A7-6BFC-7D02D4F82FD7}.Debug|Any CPU.ActiveCfg = Debug|Any CPU
		{1A537A81-B958-29A7-6BFC-7D02D4F82FD7}.Debug|Any CPU.Build.0 = Debug|Any CPU
		{1A537A81-B958-29A7-6BFC-7D02D4F82FD7}.Release|Any CPU.ActiveCfg = Release|Any CPU
		{1A537A81-B958-29A7-6BFC-7D02D4F82FD7}.Release|Any CPU.Build.0 = Release|Any CPU
	EndGlobalSection
	GlobalSection(SolutionProperties) = preSolution
		HideSolutionNode = FALSE
	EndGlobalSection
EndGlobal
